
Microsoft Visual Studio Solution File, Format Version 12.00
# Visual Studio Version 16
VisualStudioVersion = 16.0.29411.108
MinimumVisualStudioVersion = 10.0.40219.1
Project("{9A19103F-16F7-4668-BE54-9A1E7A4F7556}") = "mConstruct WebApi", "mConstruct WebApi\mConstruct WebApi.csproj", "{CC5F2102-7687-4BA0-960F-835923A32612}"
EndProject
Project("{FAE04EC0-301F-11D3-BF4B-00C04F79EFBC}") = "Session WebApi", "..\Session WebApi\Session WebApi.csproj", "{72CB861C-9189-460B-84B8-65BCCEA8B634}"
EndProject
Project("{FAE04EC0-301F-11D3-BF4B-00C04F79EFBC}") = "MobileWebApiLibrary", "..\MobileWebApiLibrary\MobileWebApiLibrary.csproj", "{DDC0732C-D646-4069-9E68-37413E1A121B}"
EndProject
Global
	GlobalSection(SolutionConfigurationPlatforms) = preSolution
		Debug|Any CPU = Debug|Any CPU
		Release|Any CPU = Release|Any CPU
	EndGlobalSection
	GlobalSection(ProjectConfigurationPlatforms) = postSolution
		{CC5F2102-7687-4BA0-960F-835923A32612}.Debug|Any CPU.ActiveCfg = Debug|Any CPU
		{CC5F2102-7687-4BA0-960F-835923A32612}.Debug|Any CPU.Build.0 = Debug|Any CPU
		{CC5F2102-7687-4BA0-960F-835923A32612}.Release|Any CPU.ActiveCfg = Release|Any CPU
		{CC5F2102-7687-4BA0-960F-835923A32612}.Release|Any CPU.Build.0 = Release|Any CPU
		{72CB861C-9189-460B-84B8-65BCCEA8B634}.Debug|Any CPU.ActiveCfg = Debug|Any CPU
		{72CB861C-9189-460B-84B8-65BCCEA8B634}.Debug|Any CPU.Build.0 = Debug|Any CPU
		{72CB861C-9189-460B-84B8-65BCCEA8B634}.Release|Any CPU.ActiveCfg = Release|Any CPU
		{72CB861C-9189-460B-84B8-65BCCEA8B634}.Release|Any CPU.Build.0 = Release|Any CPU
		{DDC0732C-D646-4069-9E68-37413E1A121B}.Debug|Any CPU.ActiveCfg = Debug|Any CPU
		{DDC0732C-D646-4069-9E68-37413E1A121B}.Debug|Any CPU.Build.0 = Debug|Any CPU
		{DDC0732C-D646-4069-9E68-37413E1A121B}.Release|Any CPU.ActiveCfg = Release|Any CPU
		{DDC0732C-D646-4069-9E68-37413E1A121B}.Release|Any CPU.Build.0 = Release|Any CPU
	EndGlobalSection
	GlobalSection(SolutionProperties) = preSolution
		HideSolutionNode = FALSE
	EndGlobalSection
	GlobalSection(ExtensibilityGlobals) = postSolution
		SolutionGuid = {325B5848-560B-454B-930C-4503BD978154}
	EndGlobalSection
EndGlobal
