
Microsoft Visual Studio Solution File, Format Version 12.00
# Visual Studio Version 16
VisualStudioVersion = 16.0.29411.108
MinimumVisualStudioVersion = 10.0.40219.1
Project("{9A19103F-16F7-4668-BE54-9A1E7A4F7556}") = "mConstruct WebApi", "mConstruct WebApi\mConstruct WebApi.csproj", "{CC5F2102-7687-4BA0-960F-835923A32612}"
EndProject
Project("{9A19103F-16F7-4668-BE54-9A1E7A4F7556}") = "ProtoLibrary", "..\Proto Library\ProtoLibrary.csproj", "{61BF3EF7-0557-4263-A49E-EF452F1FD02F}"
EndProject
Project("{9A19103F-16F7-4668-BE54-9A1E7A4F7556}") = "MobileWebApiLibrary", "..\Mobile Web Api Library\MobileWebApiLibrary.csproj", "{051541FA-0FCB-4E09-86DD-B492676BC404}"
EndProject
Global
	GlobalSection(SolutionConfigurationPlatforms) = preSolution
		Debug|Any CPU = Debug|Any CPU
		Release|Any CPU = Release|Any CPU
	EndGlobalSection
	GlobalSection(ProjectConfigurationPlatforms) = postSolution
		{CC5F2102-7687-4BA0-960F-835923A32612}.Debug|Any CPU.ActiveCfg = Debug|Any CPU
		{CC5F2102-7687-4BA0-960F-835923A32612}.Debug|Any CPU.Build.0 = Debug|Any CPU
		{CC5F2102-7687-4BA0-960F-835923A32612}.Release|Any CPU.ActiveCfg = Release|Any CPU
		{CC5F2102-7687-4BA0-960F-835923A32612}.Release|Any CPU.Build.0 = Release|Any CPU
		{61BF3EF7-0557-4263-A49E-EF452F1FD02F}.Debug|Any CPU.ActiveCfg = Debug|Any CPU
		{61BF3EF7-0557-4263-A49E-EF452F1FD02F}.Debug|Any CPU.Build.0 = Debug|Any CPU
		{61BF3EF7-0557-4263-A49E-EF452F1FD02F}.Release|Any CPU.ActiveCfg = Release|Any CPU
		{61BF3EF7-0557-4263-A49E-EF452F1FD02F}.Release|Any CPU.Build.0 = Release|Any CPU
		{051541FA-0FCB-4E09-86DD-B492676BC404}.Debug|Any CPU.ActiveCfg = Debug|Any CPU
		{051541FA-0FCB-4E09-86DD-B492676BC404}.Debug|Any CPU.Build.0 = Debug|Any CPU
		{051541FA-0FCB-4E09-86DD-B492676BC404}.Release|Any CPU.ActiveCfg = Release|Any CPU
		{051541FA-0FCB-4E09-86DD-B492676BC404}.Release|Any CPU.Build.0 = Release|Any CPU
	EndGlobalSection
	GlobalSection(SolutionProperties) = preSolution
		HideSolutionNode = FALSE
	EndGlobalSection
	GlobalSection(ExtensibilityGlobals) = postSolution
		SolutionGuid = {325B5848-560B-454B-930C-4503BD978154}
	EndGlobalSection
EndGlobal
